{
  "name": "5-repl",
  "version": "1.0.0",
  "lockfileVersion": 1,
  "requires": true,
  "dependencies": {
    "repl.history": {
      "version": "0.1.4",
      "resolved": "https://registry.npmjs.org/repl.history/-/repl.history-0.1.4.tgz",
      "integrity": "sha1-gDZxcfN4HW5CmccXWMJTCX9dWDI="
    }
  }
}
